// !$*UTF8*$!
{
	archiveVersion = 1;
	classes = {
	};
	objectVersion = 46;
	objects = {

/* Begin PBXBuildFile section */
		FB00BD95187C9A7A009B3E9D /* Foundation.framework in Frameworks */ = {isa = PBXBuildFile; fileRef = FB00BD94187C9A7A009B3E9D /* Foundation.framework */; };
		FB00BD97187C9A7A009B3E9D /* CoreGraphics.framework in Frameworks */ = {isa = PBXBuildFile; fileRef = FB00BD96187C9A7A009B3E9D /* CoreGraphics.framework */; };
		FB00BD99187C9A7A009B3E9D /* UIKit.framework in Frameworks */ = {isa = PBXBuildFile; fileRef = FB00BD98187C9A7A009B3E9D /* UIKit.framework */; };
		FB00BD9F187C9A7A009B3E9D /* InfoPlist.strings in Sources */ = {isa = PBXBuildFile; fileRef = FB00BD9D187C9A7A009B3E9D /* InfoPlist.strings */; };
		FB00BDA1187C9A7A009B3E9D /* main.m in Sources */ = {isa = PBXBuildFile; fileRef = FB00BDA0187C9A7A009B3E9D /* main.m */; };
		FB00BDA5187C9A7A009B3E9D /* TOAppDelegate.m in Sources */ = {isa = PBXBuildFile; fileRef = FB00BDA4187C9A7A009B3E9D /* TOAppDelegate.m */; };
		FB00BDA7187C9A7A009B3E9D /* Images.xcassets in Resources */ = {isa = PBXBuildFile; fileRef = FB00BDA6187C9A7A009B3E9D /* Images.xcassets */; };
		FB00BDAE187C9A7A009B3E9D /* XCTest.framework in Frameworks */ = {isa = PBXBuildFile; fileRef = FB00BDAD187C9A7A009B3E9D /* XCTest.framework */; };
		FB00BDAF187C9A7A009B3E9D /* Foundation.framework in Frameworks */ = {isa = PBXBuildFile; fileRef = FB00BD94187C9A7A009B3E9D /* Foundation.framework */; };
		FB00BDB0187C9A7A009B3E9D /* UIKit.framework in Frameworks */ = {isa = PBXBuildFile; fileRef = FB00BD98187C9A7A009B3E9D /* UIKit.framework */; };
		FB00BDB8187C9A7A009B3E9D /* InfoPlist.strings in Resources */ = {isa = PBXBuildFile; fileRef = FB00BDB6187C9A7A009B3E9D /* InfoPlist.strings */; };
		FB00BDBA187C9A7A009B3E9D /* teaorbitTests.m in Sources */ = {isa = PBXBuildFile; fileRef = FB00BDB9187C9A7A009B3E9D /* teaorbitTests.m */; };
		FB00BDC5187C9ADA009B3E9D /* TOViewController.m in Sources */ = {isa = PBXBuildFile; fileRef = FB00BDC4187C9ADA009B3E9D /* TOViewController.m */; };
		FB00BDCA187C9B1A009B3E9D /* WebViewJavascriptBridge.js.txt in Resources */ = {isa = PBXBuildFile; fileRef = FB00BDC8187C9B1A009B3E9D /* WebViewJavascriptBridge.js.txt */; };
		FB00BDCB187C9B1A009B3E9D /* WebViewJavascriptBridge.m in Sources */ = {isa = PBXBuildFile; fileRef = FB00BDC9187C9B1A009B3E9D /* WebViewJavascriptBridge.m */; };
		FBBA9B2D191149E70081ECBE /* timer.js in Resources */ = {isa = PBXBuildFile; fileRef = FBBA9B2C191149E70081ECBE /* timer.js */; };
		FBF91CDF1911434A00CC8A36 /* canvas.js in Resources */ = {isa = PBXBuildFile; fileRef = FBF91CC41911434A00CC8A36 /* canvas.js */; };
		FBF91CE01911434A00CC8A36 /* game.circles.css in Resources */ = {isa = PBXBuildFile; fileRef = FBF91CC51911434A00CC8A36 /* game.circles.css */; };
		FBF91CE11911434A00CC8A36 /* game.circles.js in Resources */ = {isa = PBXBuildFile; fileRef = FBF91CC61911434A00CC8A36 /* game.circles.js */; };
		FBF91CE21911434A00CC8A36 /* game.creatures.css in Resources */ = {isa = PBXBuildFile; fileRef = FBF91CC71911434A00CC8A36 /* game.creatures.css */; };
		FBF91CE31911434A00CC8A36 /* game.creatures.js in Resources */ = {isa = PBXBuildFile; fileRef = FBF91CC81911434A00CC8A36 /* game.creatures.js */; };
		FBF91CE41911434A00CC8A36 /* game.css in Resources */ = {isa = PBXBuildFile; fileRef = FBF91CC91911434A00CC8A36 /* game.css */; };
		FBF91CE51911434A00CC8A36 /* game.draw.css in Resources */ = {isa = PBXBuildFile; fileRef = FBF91CCA1911434A00CC8A36 /* game.draw.css */; };
		FBF91CE61911434A00CC8A36 /* game.draw.js in Resources */ = {isa = PBXBuildFile; fileRef = FBF91CCB1911434A00CC8A36 /* game.draw.js */; };
		FBF91CE71911434A00CC8A36 /* game.html in Resources */ = {isa = PBXBuildFile; fileRef = FBF91CCC1911434A00CC8A36 /* game.html */; };
		FBF91CE81911434A00CC8A36 /* game.js in Resources */ = {isa = PBXBuildFile; fileRef = FBF91CCD1911434A00CC8A36 /* game.js */; };
		FBF91CE91911434A00CC8A36 /* game.numbers.css in Resources */ = {isa = PBXBuildFile; fileRef = FBF91CCE1911434A00CC8A36 /* game.numbers.css */; };
		FBF91CEA1911434A00CC8A36 /* game.numbers.js in Resources */ = {isa = PBXBuildFile; fileRef = FBF91CCF1911434A00CC8A36 /* game.numbers.js */; };
		FBF91CEB1911434A00CC8A36 /* game.symbols.css in Resources */ = {isa = PBXBuildFile; fileRef = FBF91CD01911434A00CC8A36 /* game.symbols.css */; };
		FBF91CEC1911434A00CC8A36 /* game.symbols.js in Resources */ = {isa = PBXBuildFile; fileRef = FBF91CD11911434A00CC8A36 /* game.symbols.js */; };
		FBF91CED1911434A00CC8A36 /* game.vowels.css in Resources */ = {isa = PBXBuildFile; fileRef = FBF91CD21911434A00CC8A36 /* game.vowels.css */; };
		FBF91CEE1911434A00CC8A36 /* game.vowels.js in Resources */ = {isa = PBXBuildFile; fileRef = FBF91CD31911434A00CC8A36 /* game.vowels.js */; };
		FBF91CEF1911434A00CC8A36 /* game.words.css in Resources */ = {isa = PBXBuildFile; fileRef = FBF91CD41911434A00CC8A36 /* game.words.css */; };
		FBF91CF01911434A00CC8A36 /* game.words.js in Resources */ = {isa = PBXBuildFile; fileRef = FBF91CD51911434A00CC8A36 /* game.words.js */; };
		FBF91CF11911434A00CC8A36 /* game.words2.css in Resources */ = {isa = PBXBuildFile; fileRef = FBF91CD61911434A00CC8A36 /* game.words2.css */; };
		FBF91CF21911434A00CC8A36 /* game.words2.js in Resources */ = {isa = PBXBuildFile; fileRef = FBF91CD71911434A00CC8A36 /* game.words2.js */; };
		FBF91CF31911434A00CC8A36 /* img in Resources */ = {isa = PBXBuildFile; fileRef = FBF91CD81911434A00CC8A36 /* img */; };
		FBF91CF41911434A00CC8A36 /* libs in Resources */ = {isa = PBXBuildFile; fileRef = FBF91CD91911434A00CC8A36 /* libs */; };
		FBF91CF51911434A00CC8A36 /* man.html in Resources */ = {isa = PBXBuildFile; fileRef = FBF91CDA1911434A00CC8A36 /* man.html */; };
		FBF91CF61911434A00CC8A36 /* positive.jpg in Resources */ = {isa = PBXBuildFile; fileRef = FBF91CDB1911434A00CC8A36 /* positive.jpg */; };
		FBF91CF71911434A00CC8A36 /* tester.html in Resources */ = {isa = PBXBuildFile; fileRef = FBF91CDC1911434A00CC8A36 /* tester.html */; };
		FBF91CF81911434A00CC8A36 /* timer.css in Resources */ = {isa = PBXBuildFile; fileRef = FBF91CDD1911434A00CC8A36 /* timer.css */; };
/* End PBXBuildFile section */

/* Begin PBXContainerItemProxy section */
		FB00BDB1187C9A7A009B3E9D /* PBXContainerItemProxy */ = {
			isa = PBXContainerItemProxy;
			containerPortal = FB00BD89187C9A7A009B3E9D /* Project object */;
			proxyType = 1;
			remoteGlobalIDString = FB00BD90187C9A7A009B3E9D;
			remoteInfo = teaorbit;
		};
/* End PBXContainerItemProxy section */

/* Begin PBXFileReference section */
		FB00BD91187C9A7A009B3E9D /* Parrot.app */ = {isa = PBXFileReference; explicitFileType = wrapper.application; includeInIndex = 0; path = Parrot.app; sourceTree = BUILT_PRODUCTS_DIR; };
		FB00BD94187C9A7A009B3E9D /* Foundation.framework */ = {isa = PBXFileReference; lastKnownFileType = wrapper.framework; name = Foundation.framework; path = System/Library/Frameworks/Foundation.framework; sourceTree = SDKROOT; };
		FB00BD96187C9A7A009B3E9D /* CoreGraphics.framework */ = {isa = PBXFileReference; lastKnownFileType = wrapper.framework; name = CoreGraphics.framework; path = System/Library/Frameworks/CoreGraphics.framework; sourceTree = SDKROOT; };
		FB00BD98187C9A7A009B3E9D /* UIKit.framework */ = {isa = PBXFileReference; lastKnownFileType = wrapper.framework; name = UIKit.framework; path = System/Library/Frameworks/UIKit.framework; sourceTree = SDKROOT; };
		FB00BD9C187C9A7A009B3E9D /* Parrot-Info.plist */ = {isa = PBXFileReference; lastKnownFileType = text.plist.xml; path = "Parrot-Info.plist"; sourceTree = "<group>"; };
		FB00BD9E187C9A7A009B3E9D /* en */ = {isa = PBXFileReference; lastKnownFileType = text.plist.strings; name = en; path = en.lproj/InfoPlist.strings; sourceTree = "<group>"; };
		FB00BDA0187C9A7A009B3E9D /* main.m */ = {isa = PBXFileReference; lastKnownFileType = sourcecode.c.objc; path = main.m; sourceTree = "<group>"; };
		FB00BDA2187C9A7A009B3E9D /* Parrot-Prefix.pch */ = {isa = PBXFileReference; lastKnownFileType = sourcecode.c.h; path = "Parrot-Prefix.pch"; sourceTree = "<group>"; };
		FB00BDA3187C9A7A009B3E9D /* TOAppDelegate.h */ = {isa = PBXFileReference; lastKnownFileType = sourcecode.c.h; path = TOAppDelegate.h; sourceTree = "<group>"; };
		FB00BDA4187C9A7A009B3E9D /* TOAppDelegate.m */ = {isa = PBXFileReference; lastKnownFileType = sourcecode.c.objc; path = TOAppDelegate.m; sourceTree = "<group>"; };
		FB00BDA6187C9A7A009B3E9D /* Images.xcassets */ = {isa = PBXFileReference; lastKnownFileType = folder.assetcatalog; path = Images.xcassets; sourceTree = "<group>"; };
		FB00BDAC187C9A7A009B3E9D /* ParrotTests.xctest */ = {isa = PBXFileReference; explicitFileType = wrapper.cfbundle; includeInIndex = 0; path = ParrotTests.xctest; sourceTree = BUILT_PRODUCTS_DIR; };
		FB00BDAD187C9A7A009B3E9D /* XCTest.framework */ = {isa = PBXFileReference; lastKnownFileType = wrapper.framework; name = XCTest.framework; path = Library/Frameworks/XCTest.framework; sourceTree = DEVELOPER_DIR; };
		FB00BDB5187C9A7A009B3E9D /* ParrotTests-Info.plist */ = {isa = PBXFileReference; lastKnownFileType = text.plist.xml; path = "ParrotTests-Info.plist"; sourceTree = "<group>"; };
		FB00BDB7187C9A7A009B3E9D /* en */ = {isa = PBXFileReference; lastKnownFileType = text.plist.strings; name = en; path = en.lproj/InfoPlist.strings; sourceTree = "<group>"; };
		FB00BDB9187C9A7A009B3E9D /* teaorbitTests.m */ = {isa = PBXFileReference; lastKnownFileType = sourcecode.c.objc; path = teaorbitTests.m; sourceTree = "<group>"; };
		FB00BDC3187C9ADA009B3E9D /* TOViewController.h */ = {isa = PBXFileReference; fileEncoding = 4; lastKnownFileType = sourcecode.c.h; path = TOViewController.h; sourceTree = "<group>"; };
		FB00BDC4187C9ADA009B3E9D /* TOViewController.m */ = {isa = PBXFileReference; fileEncoding = 4; lastKnownFileType = sourcecode.c.objc; path = TOViewController.m; sourceTree = "<group>"; };
		FB00BDC7187C9B1A009B3E9D /* WebViewJavascriptBridge.h */ = {isa = PBXFileReference; fileEncoding = 4; lastKnownFileType = sourcecode.c.h; path = WebViewJavascriptBridge.h; sourceTree = "<group>"; };
		FB00BDC8187C9B1A009B3E9D /* WebViewJavascriptBridge.js.txt */ = {isa = PBXFileReference; fileEncoding = 4; lastKnownFileType = text; path = WebViewJavascriptBridge.js.txt; sourceTree = "<group>"; };
		FB00BDC9187C9B1A009B3E9D /* WebViewJavascriptBridge.m */ = {isa = PBXFileReference; fileEncoding = 4; lastKnownFileType = sourcecode.c.objc; path = WebViewJavascriptBridge.m; sourceTree = "<group>"; };
		FBBA9B2C191149E70081ECBE /* timer.js */ = {isa = PBXFileReference; fileEncoding = 4; lastKnownFileType = sourcecode.javascript; name = timer.js; path = ../timer.js; sourceTree = "<group>"; };
		FBF91CC41911434A00CC8A36 /* canvas.js */ = {isa = PBXFileReference; fileEncoding = 4; lastKnownFileType = sourcecode.javascript; name = canvas.js; path = ../canvas.js; sourceTree = "<group>"; };
		FBF91CC51911434A00CC8A36 /* game.circles.css */ = {isa = PBXFileReference; fileEncoding = 4; lastKnownFileType = text.css; name = game.circles.css; path = ../game.circles.css; sourceTree = "<group>"; };
		FBF91CC61911434A00CC8A36 /* game.circles.js */ = {isa = PBXFileReference; fileEncoding = 4; lastKnownFileType = sourcecode.javascript; name = game.circles.js; path = ../game.circles.js; sourceTree = "<group>"; };
		FBF91CC71911434A00CC8A36 /* game.creatures.css */ = {isa = PBXFileReference; fileEncoding = 4; lastKnownFileType = text.css; name = game.creatures.css; path = ../game.creatures.css; sourceTree = "<group>"; };
		FBF91CC81911434A00CC8A36 /* game.creatures.js */ = {isa = PBXFileReference; fileEncoding = 4; lastKnownFileType = sourcecode.javascript; name = game.creatures.js; path = ../game.creatures.js; sourceTree = "<group>"; };
		FBF91CC91911434A00CC8A36 /* game.css */ = {isa = PBXFileReference; fileEncoding = 4; lastKnownFileType = text.css; name = game.css; path = ../game.css; sourceTree = "<group>"; };
		FBF91CCA1911434A00CC8A36 /* game.draw.css */ = {isa = PBXFileReference; fileEncoding = 4; lastKnownFileType = text.css; name = game.draw.css; path = ../game.draw.css; sourceTree = "<group>"; };
		FBF91CCB1911434A00CC8A36 /* game.draw.js */ = {isa = PBXFileReference; fileEncoding = 4; lastKnownFileType = sourcecode.javascript; name = game.draw.js; path = ../game.draw.js; sourceTree = "<group>"; };
		FBF91CCC1911434A00CC8A36 /* game.html */ = {isa = PBXFileReference; fileEncoding = 4; lastKnownFileType = text.html; name = game.html; path = ../game.html; sourceTree = "<group>"; };
		FBF91CCD1911434A00CC8A36 /* game.js */ = {isa = PBXFileReference; fileEncoding = 4; lastKnownFileType = sourcecode.javascript; name = game.js; path = ../game.js; sourceTree = "<group>"; };
		FBF91CCE1911434A00CC8A36 /* game.numbers.css */ = {isa = PBXFileReference; fileEncoding = 4; lastKnownFileType = text.css; name = game.numbers.css; path = ../game.numbers.css; sourceTree = "<group>"; };
		FBF91CCF1911434A00CC8A36 /* game.numbers.js */ = {isa = PBXFileReference; fileEncoding = 4; lastKnownFileType = sourcecode.javascript; name = game.numbers.js; path = ../game.numbers.js; sourceTree = "<group>"; };
		FBF91CD01911434A00CC8A36 /* game.symbols.css */ = {isa = PBXFileReference; fileEncoding = 4; lastKnownFileType = text.css; name = game.symbols.css; path = ../game.symbols.css; sourceTree = "<group>"; };
		FBF91CD11911434A00CC8A36 /* game.symbols.js */ = {isa = PBXFileReference; fileEncoding = 4; lastKnownFileType = sourcecode.javascript; name = game.symbols.js; path = ../game.symbols.js; sourceTree = "<group>"; };
		FBF91CD21911434A00CC8A36 /* game.vowels.css */ = {isa = PBXFileReference; fileEncoding = 4; lastKnownFileType = text.css; name = game.vowels.css; path = ../game.vowels.css; sourceTree = "<group>"; };
		FBF91CD31911434A00CC8A36 /* game.vowels.js */ = {isa = PBXFileReference; fileEncoding = 4; lastKnownFileType = sourcecode.javascript; name = game.vowels.js; path = ../game.vowels.js; sourceTree = "<group>"; };
		FBF91CD41911434A00CC8A36 /* game.words.css */ = {isa = PBXFileReference; fileEncoding = 4; lastKnownFileType = text.css; name = game.words.css; path = ../game.words.css; sourceTree = "<group>"; };
		FBF91CD51911434A00CC8A36 /* game.words.js */ = {isa = PBXFileReference; fileEncoding = 4; lastKnownFileType = sourcecode.javascript; name = game.words.js; path = ../game.words.js; sourceTree = "<group>"; };
		FBF91CD61911434A00CC8A36 /* game.words2.css */ = {isa = PBXFileReference; fileEncoding = 4; lastKnownFileType = text.css; name = game.words2.css; path = ../game.words2.css; sourceTree = "<group>"; };
		FBF91CD71911434A00CC8A36 /* game.words2.js */ = {isa = PBXFileReference; fileEncoding = 4; lastKnownFileType = sourcecode.javascript; name = game.words2.js; path = ../game.words2.js; sourceTree = "<group>"; };
		FBF91CD81911434A00CC8A36 /* img */ = {isa = PBXFileReference; lastKnownFileType = folder; name = img; path = ../img; sourceTree = "<group>"; };
		FBF91CD91911434A00CC8A36 /* libs */ = {isa = PBXFileReference; lastKnownFileType = folder; name = libs; path = ../libs; sourceTree = "<group>"; };
		FBF91CDA1911434A00CC8A36 /* man.html */ = {isa = PBXFileReference; fileEncoding = 4; lastKnownFileType = text.html; name = man.html; path = ../man.html; sourceTree = "<group>"; };
		FBF91CDB1911434A00CC8A36 /* positive.jpg */ = {isa = PBXFileReference; lastKnownFileType = image.jpeg; name = positive.jpg; path = ../positive.jpg; sourceTree = "<group>"; };
		FBF91CDC1911434A00CC8A36 /* tester.html */ = {isa = PBXFileReference; fileEncoding = 4; lastKnownFileType = text.html; name = tester.html; path = ../tester.html; sourceTree = "<group>"; };
		FBF91CDD1911434A00CC8A36 /* timer.css */ = {isa = PBXFileReference; fileEncoding = 4; lastKnownFileType = text.css; name = timer.css; path = ../timer.css; sourceTree = "<group>"; };
/* End PBXFileReference section */

/* Begin PBXFrameworksBuildPhase section */
		FB00BD8E187C9A7A009B3E9D /* Frameworks */ = {
			isa = PBXFrameworksBuildPhase;
			buildActionMask = 2147483647;
			files = (
				FB00BD97187C9A7A009B3E9D /* CoreGraphics.framework in Frameworks */,
				FB00BD99187C9A7A009B3E9D /* UIKit.framework in Frameworks */,
				FB00BD95187C9A7A009B3E9D /* Foundation.framework in Frameworks */,
			);
			runOnlyForDeploymentPostprocessing = 0;
		};
		FB00BDA9187C9A7A009B3E9D /* Frameworks */ = {
			isa = PBXFrameworksBuildPhase;
			buildActionMask = 2147483647;
			files = (
				FB00BDAE187C9A7A009B3E9D /* XCTest.framework in Frameworks */,
				FB00BDB0187C9A7A009B3E9D /* UIKit.framework in Frameworks */,
				FB00BDAF187C9A7A009B3E9D /* Foundation.framework in Frameworks */,
			);
			runOnlyForDeploymentPostprocessing = 0;
		};
/* End PBXFrameworksBuildPhase section */

/* Begin PBXGroup section */
		FB00BD88187C9A7A009B3E9D = {
			isa = PBXGroup;
			children = (
				FBF91BFF19113AF900CC8A36 /* Resources */,
				FB00BD9A187C9A7A009B3E9D /* teaorbit */,
				FB00BDB3187C9A7A009B3E9D /* teaorbitTests */,
				FB00BD93187C9A7A009B3E9D /* Frameworks */,
				FB00BD92187C9A7A009B3E9D /* Products */,
			);
			sourceTree = "<group>";
		};
		FB00BD92187C9A7A009B3E9D /* Products */ = {
			isa = PBXGroup;
			children = (
				FB00BD91187C9A7A009B3E9D /* Parrot.app */,
				FB00BDAC187C9A7A009B3E9D /* ParrotTests.xctest */,
			);
			name = Products;
			sourceTree = "<group>";
		};
		FB00BD93187C9A7A009B3E9D /* Frameworks */ = {
			isa = PBXGroup;
			children = (
				FB00BD94187C9A7A009B3E9D /* Foundation.framework */,
				FB00BD96187C9A7A009B3E9D /* CoreGraphics.framework */,
				FB00BD98187C9A7A009B3E9D /* UIKit.framework */,
				FB00BDAD187C9A7A009B3E9D /* XCTest.framework */,
			);
			name = Frameworks;
			sourceTree = "<group>";
		};
		FB00BD9A187C9A7A009B3E9D /* teaorbit */ = {
			isa = PBXGroup;
			children = (
				FB00BDA3187C9A7A009B3E9D /* TOAppDelegate.h */,
				FB00BDA4187C9A7A009B3E9D /* TOAppDelegate.m */,
				FB00BDC6187C9B1A009B3E9D /* WebViewJavascriptBridge */,
				FB00BDC3187C9ADA009B3E9D /* TOViewController.h */,
				FB00BDC4187C9ADA009B3E9D /* TOViewController.m */,
				FB00BDA6187C9A7A009B3E9D /* Images.xcassets */,
				FB00BD9B187C9A7A009B3E9D /* Supporting Files */,
			);
			path = teaorbit;
			sourceTree = "<group>";
		};
		FB00BD9B187C9A7A009B3E9D /* Supporting Files */ = {
			isa = PBXGroup;
			children = (
				FB00BD9C187C9A7A009B3E9D /* Parrot-Info.plist */,
				FB00BD9D187C9A7A009B3E9D /* InfoPlist.strings */,
				FB00BDA0187C9A7A009B3E9D /* main.m */,
				FB00BDA2187C9A7A009B3E9D /* Parrot-Prefix.pch */,
			);
			name = "Supporting Files";
			sourceTree = "<group>";
		};
		FB00BDB3187C9A7A009B3E9D /* teaorbitTests */ = {
			isa = PBXGroup;
			children = (
				FB00BDB9187C9A7A009B3E9D /* teaorbitTests.m */,
				FB00BDB4187C9A7A009B3E9D /* Supporting Files */,
			);
			path = teaorbitTests;
			sourceTree = "<group>";
		};
		FB00BDB4187C9A7A009B3E9D /* Supporting Files */ = {
			isa = PBXGroup;
			children = (
				FB00BDB5187C9A7A009B3E9D /* ParrotTests-Info.plist */,
				FB00BDB6187C9A7A009B3E9D /* InfoPlist.strings */,
			);
			name = "Supporting Files";
			sourceTree = "<group>";
		};
		FB00BDC6187C9B1A009B3E9D /* WebViewJavascriptBridge */ = {
			isa = PBXGroup;
			children = (
				FB00BDC7187C9B1A009B3E9D /* WebViewJavascriptBridge.h */,
				FB00BDC8187C9B1A009B3E9D /* WebViewJavascriptBridge.js.txt */,
				FB00BDC9187C9B1A009B3E9D /* WebViewJavascriptBridge.m */,
			);
			path = WebViewJavascriptBridge;
			sourceTree = "<group>";
		};
		FBF91BFF19113AF900CC8A36 /* Resources */ = {
			isa = PBXGroup;
			children = (
				FBF91CC41911434A00CC8A36 /* canvas.js */,
				FBF91CC51911434A00CC8A36 /* game.circles.css */,
				FBF91CC61911434A00CC8A36 /* game.circles.js */,
				FBBA9B2C191149E70081ECBE /* timer.js */,
				FBF91CC71911434A00CC8A36 /* game.creatures.css */,
				FBF91CC81911434A00CC8A36 /* game.creatures.js */,
				FBF91CC91911434A00CC8A36 /* game.css */,
				FBF91CCA1911434A00CC8A36 /* game.draw.css */,
				FBF91CCB1911434A00CC8A36 /* game.draw.js */,
				FBF91CCC1911434A00CC8A36 /* game.html */,
				FBF91CCD1911434A00CC8A36 /* game.js */,
				FBF91CCE1911434A00CC8A36 /* game.numbers.css */,
				FBF91CCF1911434A00CC8A36 /* game.numbers.js */,
				FBF91CD01911434A00CC8A36 /* game.symbols.css */,
				FBF91CD11911434A00CC8A36 /* game.symbols.js */,
				FBF91CD21911434A00CC8A36 /* game.vowels.css */,
				FBF91CD31911434A00CC8A36 /* game.vowels.js */,
				FBF91CD41911434A00CC8A36 /* game.words.css */,
				FBF91CD51911434A00CC8A36 /* game.words.js */,
				FBF91CD61911434A00CC8A36 /* game.words2.css */,
				FBF91CD71911434A00CC8A36 /* game.words2.js */,
				FBF91CD81911434A00CC8A36 /* img */,
				FBF91CD91911434A00CC8A36 /* libs */,
				FBF91CDA1911434A00CC8A36 /* man.html */,
				FBF91CDB1911434A00CC8A36 /* positive.jpg */,
				FBF91CDC1911434A00CC8A36 /* tester.html */,
				FBF91CDD1911434A00CC8A36 /* timer.css */,
			);
			name = Resources;
			sourceTree = "<group>";
		};
/* End PBXGroup section */

/* Begin PBXNativeTarget section */
		FB00BD90187C9A7A009B3E9D /* Parrot */ = {
			isa = PBXNativeTarget;
			buildConfigurationList = FB00BDBD187C9A7A009B3E9D /* Build configuration list for PBXNativeTarget "Parrot" */;
			buildPhases = (
				FB00BD8D187C9A7A009B3E9D /* Sources */,
				FB00BD8E187C9A7A009B3E9D /* Frameworks */,
				FB00BD8F187C9A7A009B3E9D /* Resources */,
			);
			buildRules = (
			);
			dependencies = (
			);
			name = Parrot;
			productName = teaorbit;
			productReference = FB00BD91187C9A7A009B3E9D /* Parrot.app */;
			productType = "com.apple.product-type.application";
		};
		FB00BDAB187C9A7A009B3E9D /* ParrotTests */ = {
			isa = PBXNativeTarget;
			buildConfigurationList = FB00BDC0187C9A7A009B3E9D /* Build configuration list for PBXNativeTarget "ParrotTests" */;
			buildPhases = (
				FB00BDA8187C9A7A009B3E9D /* Sources */,
				FB00BDA9187C9A7A009B3E9D /* Frameworks */,
				FB00BDAA187C9A7A009B3E9D /* Resources */,
			);
			buildRules = (
			);
			dependencies = (
				FB00BDB2187C9A7A009B3E9D /* PBXTargetDependency */,
			);
			name = ParrotTests;
			productName = teaorbitTests;
			productReference = FB00BDAC187C9A7A009B3E9D /* ParrotTests.xctest */;
			productType = "com.apple.product-type.bundle.unit-test";
		};
/* End PBXNativeTarget section */

/* Begin PBXProject section */
		FB00BD89187C9A7A009B3E9D /* Project object */ = {
			isa = PBXProject;
			attributes = {
				CLASSPREFIX = TO;
				LastUpgradeCheck = 0500;
				ORGANIZATIONNAME = teaorbit;
				TargetAttributes = {
					FB00BDAB187C9A7A009B3E9D = {
						TestTargetID = FB00BD90187C9A7A009B3E9D;
					};
				};
			};
			buildConfigurationList = FB00BD8C187C9A7A009B3E9D /* Build configuration list for PBXProject "Parrot" */;
			compatibilityVersion = "Xcode 3.2";
			developmentRegion = English;
			hasScannedForEncodings = 0;
			knownRegions = (
				en,
			);
			mainGroup = FB00BD88187C9A7A009B3E9D;
			productRefGroup = FB00BD92187C9A7A009B3E9D /* Products */;
			projectDirPath = "";
			projectRoot = "";
			targets = (
				FB00BD90187C9A7A009B3E9D /* Parrot */,
				FB00BDAB187C9A7A009B3E9D /* ParrotTests */,
			);
		};
/* End PBXProject section */

/* Begin PBXResourcesBuildPhase section */
		FB00BD8F187C9A7A009B3E9D /* Resources */ = {
			isa = PBXResourcesBuildPhase;
			buildActionMask = 2147483647;
			files = (
				FBF91CE01911434A00CC8A36 /* game.circles.css in Resources */,
				FBF91CF31911434A00CC8A36 /* img in Resources */,
				FBF91CF51911434A00CC8A36 /* man.html in Resources */,
				FBF91CE41911434A00CC8A36 /* game.css in Resources */,
				FBF91CE51911434A00CC8A36 /* game.draw.css in Resources */,
				FBF91CF41911434A00CC8A36 /* libs in Resources */,
				FBF91CE91911434A00CC8A36 /* game.numbers.css in Resources */,
				FBF91CED1911434A00CC8A36 /* game.vowels.css in Resources */,
				FBF91CF71911434A00CC8A36 /* tester.html in Resources */,
				FB00BDA7187C9A7A009B3E9D /* Images.xcassets in Resources */,
				FB00BDCA187C9B1A009B3E9D /* WebViewJavascriptBridge.js.txt in Resources */,
				FBF91CF11911434A00CC8A36 /* game.words2.css in Resources */,
				FBF91CE71911434A00CC8A36 /* game.html in Resources */,
				FBF91CE21911434A00CC8A36 /* game.creatures.css in Resources */,
				FBF91CEB1911434A00CC8A36 /* game.symbols.css in Resources */,
				FBF91CF61911434A00CC8A36 /* positive.jpg in Resources */,
				FBF91CEF1911434A00CC8A36 /* game.words.css in Resources */,
				FBF91CF21911434A00CC8A36 /* game.words2.js in Resources */,
				FBF91CE31911434A00CC8A36 /* game.creatures.js in Resources */,
				FBBA9B2D191149E70081ECBE /* timer.js in Resources */,
				FBF91CF01911434A00CC8A36 /* game.words.js in Resources */,
				FBF91CE11911434A00CC8A36 /* game.circles.js in Resources */,
				FBF91CE61911434A00CC8A36 /* game.draw.js in Resources */,
				FBF91CEE1911434A00CC8A36 /* game.vowels.js in Resources */,
				FBF91CEA1911434A00CC8A36 /* game.numbers.js in Resources */,
				FBF91CEC1911434A00CC8A36 /* game.symbols.js in Resources */,
				FBF91CE81911434A00CC8A36 /* game.js in Resources */,
				FBF91CDF1911434A00CC8A36 /* canvas.js in Resources */,
				FBF91CF81911434A00CC8A36 /* timer.css in Resources */,
			);
			runOnlyForDeploymentPostprocessing = 0;
		};
		FB00BDAA187C9A7A009B3E9D /* Resources */ = {
			isa = PBXResourcesBuildPhase;
			buildActionMask = 2147483647;
			files = (
				FB00BDB8187C9A7A009B3E9D /* InfoPlist.strings in Resources */,
			);
			runOnlyForDeploymentPostprocessing = 0;
		};
/* End PBXResourcesBuildPhase section */

/* Begin PBXSourcesBuildPhase section */
		FB00BD8D187C9A7A009B3E9D /* Sources */ = {
			isa = PBXSourcesBuildPhase;
			buildActionMask = 2147483647;
			files = (
				FB00BDC5187C9ADA009B3E9D /* TOViewController.m in Sources */,
				FB00BDCB187C9B1A009B3E9D /* WebViewJavascriptBridge.m in Sources */,
				FB00BD9F187C9A7A009B3E9D /* InfoPlist.strings in Sources */,
				FB00BDA1187C9A7A009B3E9D /* main.m in Sources */,
				FB00BDA5187C9A7A009B3E9D /* TOAppDelegate.m in Sources */,
			);
			runOnlyForDeploymentPostprocessing = 0;
		};
		FB00BDA8187C9A7A009B3E9D /* Sources */ = {
			isa = PBXSourcesBuildPhase;
			buildActionMask = 2147483647;
			files = (
				FB00BDBA187C9A7A009B3E9D /* teaorbitTests.m in Sources */,
			);
			runOnlyForDeploymentPostprocessing = 0;
		};
/* End PBXSourcesBuildPhase section */

/* Begin PBXTargetDependency section */
		FB00BDB2187C9A7A009B3E9D /* PBXTargetDependency */ = {
			isa = PBXTargetDependency;
			target = FB00BD90187C9A7A009B3E9D /* Parrot */;
			targetProxy = FB00BDB1187C9A7A009B3E9D /* PBXContainerItemProxy */;
		};
/* End PBXTargetDependency section */

/* Begin PBXVariantGroup section */
		FB00BD9D187C9A7A009B3E9D /* InfoPlist.strings */ = {
			isa = PBXVariantGroup;
			children = (
				FB00BD9E187C9A7A009B3E9D /* en */,
			);
			name = InfoPlist.strings;
			sourceTree = "<group>";
		};
		FB00BDB6187C9A7A009B3E9D /* InfoPlist.strings */ = {
			isa = PBXVariantGroup;
			children = (
				FB00BDB7187C9A7A009B3E9D /* en */,
			);
			name = InfoPlist.strings;
			sourceTree = "<group>";
		};
/* End PBXVariantGroup section */

/* Begin XCBuildConfiguration section */
		FB00BDBB187C9A7A009B3E9D /* Debug */ = {
			isa = XCBuildConfiguration;
			buildSettings = {
				ALWAYS_SEARCH_USER_PATHS = NO;
				ARCHS = "$(ARCHS_STANDARD_INCLUDING_64_BIT)";
				CLANG_CXX_LANGUAGE_STANDARD = "gnu++0x";
				CLANG_CXX_LIBRARY = "libc++";
				CLANG_ENABLE_MODULES = YES;
				CLANG_ENABLE_OBJC_ARC = YES;
				CLANG_WARN_BOOL_CONVERSION = YES;
				CLANG_WARN_CONSTANT_CONVERSION = YES;
				CLANG_WARN_DIRECT_OBJC_ISA_USAGE = YES_ERROR;
				CLANG_WARN_EMPTY_BODY = YES;
				CLANG_WARN_ENUM_CONVERSION = YES;
				CLANG_WARN_INT_CONVERSION = YES;
				CLANG_WARN_OBJC_ROOT_CLASS = YES_ERROR;
				CLANG_WARN__DUPLICATE_METHOD_MATCH = YES;
				"CODE_SIGN_IDENTITY[sdk=iphoneos*]" = "iPhone Developer";
				COPY_PHASE_STRIP = NO;
				GCC_C_LANGUAGE_STANDARD = gnu99;
				GCC_DYNAMIC_NO_PIC = NO;
				GCC_OPTIMIZATION_LEVEL = 0;
				GCC_PREPROCESSOR_DEFINITIONS = (
					"DEBUG=1",
					"$(inherited)",
				);
				GCC_SYMBOLS_PRIVATE_EXTERN = NO;
				GCC_WARN_64_TO_32_BIT_CONVERSION = YES;
				GCC_WARN_ABOUT_RETURN_TYPE = YES_ERROR;
				GCC_WARN_UNDECLARED_SELECTOR = YES;
				GCC_WARN_UNINITIALIZED_AUTOS = YES;
				GCC_WARN_UNUSED_FUNCTION = YES;
				GCC_WARN_UNUSED_VARIABLE = YES;
				IPHONEOS_DEPLOYMENT_TARGET = 7.0;
				ONLY_ACTIVE_ARCH = YES;
				SDKROOT = iphoneos;
				TARGETED_DEVICE_FAMILY = "1,2";
			};
			name = Debug;
		};
		FB00BDBC187C9A7A009B3E9D /* Release */ = {
			isa = XCBuildConfiguration;
			buildSettings = {
				ALWAYS_SEARCH_USER_PATHS = NO;
				ARCHS = "$(ARCHS_STANDARD_INCLUDING_64_BIT)";
				CLANG_CXX_LANGUAGE_STANDARD = "gnu++0x";
				CLANG_CXX_LIBRARY = "libc++";
				CLANG_ENABLE_MODULES = YES;
				CLANG_ENABLE_OBJC_ARC = YES;
				CLANG_WARN_BOOL_CONVERSION = YES;
				CLANG_WARN_CONSTANT_CONVERSION = YES;
				CLANG_WARN_DIRECT_OBJC_ISA_USAGE = YES_ERROR;
				CLANG_WARN_EMPTY_BODY = YES;
				CLANG_WARN_ENUM_CONVERSION = YES;
				CLANG_WARN_INT_CONVERSION = YES;
				CLANG_WARN_OBJC_ROOT_CLASS = YES_ERROR;
				CLANG_WARN__DUPLICATE_METHOD_MATCH = YES;
				"CODE_SIGN_IDENTITY[sdk=iphoneos*]" = "iPhone Developer";
				COPY_PHASE_STRIP = YES;
				ENABLE_NS_ASSERTIONS = NO;
				GCC_C_LANGUAGE_STANDARD = gnu99;
				GCC_WARN_64_TO_32_BIT_CONVERSION = YES;
				GCC_WARN_ABOUT_RETURN_TYPE = YES_ERROR;
				GCC_WARN_UNDECLARED_SELECTOR = YES;
				GCC_WARN_UNINITIALIZED_AUTOS = YES;
				GCC_WARN_UNUSED_FUNCTION = YES;
				GCC_WARN_UNUSED_VARIABLE = YES;
				IPHONEOS_DEPLOYMENT_TARGET = 7.0;
				SDKROOT = iphoneos;
				TARGETED_DEVICE_FAMILY = "1,2";
				VALIDATE_PRODUCT = YES;
			};
			name = Release;
		};
		FB00BDBE187C9A7A009B3E9D /* Debug */ = {
			isa = XCBuildConfiguration;
			buildSettings = {
				ASSETCATALOG_COMPILER_APPICON_NAME = AppIcon;
				ASSETCATALOG_COMPILER_LAUNCHIMAGE_NAME = LaunchImage;
				GCC_PRECOMPILE_PREFIX_HEADER = YES;
				GCC_PREFIX_HEADER = "teaorbit/Parrot-Prefix.pch";
				INFOPLIST_FILE = "teaorbit/Parrot-Info.plist";
				PRODUCT_NAME = Parrot;
				WRAPPER_EXTENSION = app;
			};
			name = Debug;
		};
		FB00BDBF187C9A7A009B3E9D /* Release */ = {
			isa = XCBuildConfiguration;
			buildSettings = {
				ASSETCATALOG_COMPILER_APPICON_NAME = AppIcon;
				ASSETCATALOG_COMPILER_LAUNCHIMAGE_NAME = LaunchImage;
				GCC_PRECOMPILE_PREFIX_HEADER = YES;
				GCC_PREFIX_HEADER = "teaorbit/Parrot-Prefix.pch";
				INFOPLIST_FILE = "teaorbit/Parrot-Info.plist";
				PRODUCT_NAME = Parrot;
				WRAPPER_EXTENSION = app;
			};
			name = Release;
		};
		FB00BDC1187C9A7A009B3E9D /* Debug */ = {
			isa = XCBuildConfiguration;
			buildSettings = {
				ARCHS = "$(ARCHS_STANDARD_INCLUDING_64_BIT)";
				BUNDLE_LOADER = "$(BUILT_PRODUCTS_DIR)/teaorbit.app/teaorbit";
				FRAMEWORK_SEARCH_PATHS = (
					"$(SDKROOT)/Developer/Library/Frameworks",
					"$(inherited)",
					"$(DEVELOPER_FRAMEWORKS_DIR)",
				);
				GCC_PRECOMPILE_PREFIX_HEADER = YES;
				GCC_PREFIX_HEADER = "teaorbit/teaorbit-Prefix.pch";
				GCC_PREPROCESSOR_DEFINITIONS = (
					"DEBUG=1",
					"$(inherited)",
				);
				INFOPLIST_FILE = "teaorbitTests/ParrotTests-Info.plist";
				PRODUCT_NAME = ParrotTests;
				TEST_HOST = "$(BUNDLE_LOADER)";
				WRAPPER_EXTENSION = xctest;
			};
			name = Debug;
		};
		FB00BDC2187C9A7A009B3E9D /* Release */ = {
			isa = XCBuildConfiguration;
			buildSettings = {
				ARCHS = "$(ARCHS_STANDARD_INCLUDING_64_BIT)";
				BUNDLE_LOADER = "$(BUILT_PRODUCTS_DIR)/teaorbit.app/teaorbit";
				FRAMEWORK_SEARCH_PATHS = (
					"$(SDKROOT)/Developer/Library/Frameworks",
					"$(inherited)",
					"$(DEVELOPER_FRAMEWORKS_DIR)",
				);
				GCC_PRECOMPILE_PREFIX_HEADER = YES;
				GCC_PREFIX_HEADER = "teaorbit/teaorbit-Prefix.pch";
				INFOPLIST_FILE = "teaorbitTests/ParrotTests-Info.plist";
				PRODUCT_NAME = ParrotTests;
				TEST_HOST = "$(BUNDLE_LOADER)";
				WRAPPER_EXTENSION = xctest;
			};
			name = Release;
		};
/* End XCBuildConfiguration section */

/* Begin XCConfigurationList section */
		FB00BD8C187C9A7A009B3E9D /* Build configuration list for PBXProject "Parrot" */ = {
			isa = XCConfigurationList;
			buildConfigurations = (
				FB00BDBB187C9A7A009B3E9D /* Debug */,
				FB00BDBC187C9A7A009B3E9D /* Release */,
			);
			defaultConfigurationIsVisible = 0;
			defaultConfigurationName = Release;
		};
		FB00BDBD187C9A7A009B3E9D /* Build configuration list for PBXNativeTarget "Parrot" */ = {
			isa = XCConfigurationList;
			buildConfigurations = (
				FB00BDBE187C9A7A009B3E9D /* Debug */,
				FB00BDBF187C9A7A009B3E9D /* Release */,
			);
			defaultConfigurationIsVisible = 0;
			defaultConfigurationName = Release;
		};
		FB00BDC0187C9A7A009B3E9D /* Build configuration list for PBXNativeTarget "ParrotTests" */ = {
			isa = XCConfigurationList;
			buildConfigurations = (
				FB00BDC1187C9A7A009B3E9D /* Debug */,
				FB00BDC2187C9A7A009B3E9D /* Release */,
			);
			defaultConfigurationIsVisible = 0;
			defaultConfigurationName = Release;
		};
/* End XCConfigurationList section */
	};
	rootObject = FB00BD89187C9A7A009B3E9D /* Project object */;
}
